
Microsoft Visual Studio Solution File, Format Version 12.00
# Visual Studio Version 16
VisualStudioVersion = 16.0.30907.101
MinimumVisualStudioVersion = 10.0.40219.1
Project("{2150E333-8FDC-42A3-9474-1A3956D46DE8}") = "Solution Items", "Solution Items", "{7FDA59CA-790F-4AB3-89BE-BE81E8A48904}"
EndProject
Project("{2150E333-8FDC-42A3-9474-1A3956D46DE8}") = "src", "src", "{4E724862-9F60-4413-B454-363EF6974E82}"
EndProject
Project("{2150E333-8FDC-42A3-9474-1A3956D46DE8}") = "tests", "tests", "{72AC3A7B-D21F-4EAC-AAE8-4FBAEAA13281}"
EndProject
Project("{9A19103F-16F7-4668-BE54-9A1E7A4F7556}") = "Forex.Entities", "Forex.Entities\Forex.Entities.csproj", "{A9CDEA63-EFC8-4AE9-8B69-8852DC2D2603}"
EndProject
Project("{9A19103F-16F7-4668-BE54-9A1E7A4F7556}") = "Forex.ConsoleApp", "Forex.ConsoleApp\Forex.ConsoleApp.csproj", "{BC4FB7B8-2C3E-4F92-9C89-35920F9C8C69}"
EndProject
Project("{9A19103F-16F7-4668-BE54-9A1E7A4F7556}") = "Forex.WebApi", "Forex.WebApi\Forex.WebApi.csproj", "{8ABEC8D7-0C74-4171-961C-E37FDD19E46D}"
EndProject
Project("{9A19103F-16F7-4668-BE54-9A1E7A4F7556}") = "Forex.DomainModels", "Forex.DomainModels\Forex.DomainModels.csproj", "{001AD2E5-2398-442B-942A-D260F0C26DA1}"
EndProject
Project("{9A19103F-16F7-4668-BE54-9A1E7A4F7556}") = "Forex.Services", "Forex.Services\Forex.Services.csproj", "{93DE0F67-78DF-4E3A-834B-DE3FAB5EE3C2}"
EndProject
Project("{9A19103F-16F7-4668-BE54-9A1E7A4F7556}") = "Forex.Infrastructure", "Forex.Infrastructure\Forex.Infrastructure.csproj", "{83A9015F-8034-498B-94DA-B880533AFE39}"
EndProject
Project("{9A19103F-16F7-4668-BE54-9A1E7A4F7556}") = "Forex.WebApp", "Forex.WebApp\Forex.WebApp.csproj", "{BE1F37C5-1CF1-4B32-A053-7152482F4D25}"
EndProject
Project("{9A19103F-16F7-4668-BE54-9A1E7A4F7556}") = "Forex.Batch", "Forex.Batch\Forex.Batch.csproj", "{643A2AAB-4B9B-4959-836B-F97193FB8FAB}"
EndProject
Project("{FAE04EC0-301F-11D3-BF4B-00C04F79EFBC}") = "Forex.AuthApi", "Forex.AuthApi\Forex.AuthApi.csproj", "{EFD6B53A-0531-4312-A476-446994EC0B55}"
EndProject
Global
	GlobalSection(SolutionConfigurationPlatforms) = preSolution
		Debug|Any CPU = Debug|Any CPU
		Release|Any CPU = Release|Any CPU
	EndGlobalSection
	GlobalSection(ProjectConfigurationPlatforms) = postSolution
		{A9CDEA63-EFC8-4AE9-8B69-8852DC2D2603}.Debug|Any CPU.ActiveCfg = Debug|Any CPU
		{A9CDEA63-EFC8-4AE9-8B69-8852DC2D2603}.Debug|Any CPU.Build.0 = Debug|Any CPU
		{A9CDEA63-EFC8-4AE9-8B69-8852DC2D2603}.Release|Any CPU.ActiveCfg = Release|Any CPU
		{A9CDEA63-EFC8-4AE9-8B69-8852DC2D2603}.Release|Any CPU.Build.0 = Release|Any CPU
		{BC4FB7B8-2C3E-4F92-9C89-35920F9C8C69}.Debug|Any CPU.ActiveCfg = Debug|Any CPU
		{BC4FB7B8-2C3E-4F92-9C89-35920F9C8C69}.Debug|Any CPU.Build.0 = Debug|Any CPU
		{BC4FB7B8-2C3E-4F92-9C89-35920F9C8C69}.Release|Any CPU.ActiveCfg = Release|Any CPU
		{BC4FB7B8-2C3E-4F92-9C89-35920F9C8C69}.Release|Any CPU.Build.0 = Release|Any CPU
		{8ABEC8D7-0C74-4171-961C-E37FDD19E46D}.Debug|Any CPU.ActiveCfg = Debug|Any CPU
		{8ABEC8D7-0C74-4171-961C-E37FDD19E46D}.Debug|Any CPU.Build.0 = Debug|Any CPU
		{8ABEC8D7-0C74-4171-961C-E37FDD19E46D}.Release|Any CPU.ActiveCfg = Release|Any CPU
		{8ABEC8D7-0C74-4171-961C-E37FDD19E46D}.Release|Any CPU.Build.0 = Release|Any CPU
		{001AD2E5-2398-442B-942A-D260F0C26DA1}.Debug|Any CPU.ActiveCfg = Debug|Any CPU
		{001AD2E5-2398-442B-942A-D260F0C26DA1}.Debug|Any CPU.Build.0 = Debug|Any CPU
		{001AD2E5-2398-442B-942A-D260F0C26DA1}.Release|Any CPU.ActiveCfg = Release|Any CPU
		{001AD2E5-2398-442B-942A-D260F0C26DA1}.Release|Any CPU.Build.0 = Release|Any CPU
		{93DE0F67-78DF-4E3A-834B-DE3FAB5EE3C2}.Debug|Any CPU.ActiveCfg = Debug|Any CPU
		{93DE0F67-78DF-4E3A-834B-DE3FAB5EE3C2}.Debug|Any CPU.Build.0 = Debug|Any CPU
		{93DE0F67-78DF-4E3A-834B-DE3FAB5EE3C2}.Release|Any CPU.ActiveCfg = Release|Any CPU
		{93DE0F67-78DF-4E3A-834B-DE3FAB5EE3C2}.Release|Any CPU.Build.0 = Release|Any CPU
		{83A9015F-8034-498B-94DA-B880533AFE39}.Debug|Any CPU.ActiveCfg = Debug|Any CPU
		{83A9015F-8034-498B-94DA-B880533AFE39}.Debug|Any CPU.Build.0 = Debug|Any CPU
		{83A9015F-8034-498B-94DA-B880533AFE39}.Release|Any CPU.ActiveCfg = Release|Any CPU
		{83A9015F-8034-498B-94DA-B880533AFE39}.Release|Any CPU.Build.0 = Release|Any CPU
		{BE1F37C5-1CF1-4B32-A053-7152482F4D25}.Debug|Any CPU.ActiveCfg = Debug|Any CPU
		{BE1F37C5-1CF1-4B32-A053-7152482F4D25}.Debug|Any CPU.Build.0 = Debug|Any CPU
		{BE1F37C5-1CF1-4B32-A053-7152482F4D25}.Release|Any CPU.ActiveCfg = Release|Any CPU
		{BE1F37C5-1CF1-4B32-A053-7152482F4D25}.Release|Any CPU.Build.0 = Release|Any CPU
		{643A2AAB-4B9B-4959-836B-F97193FB8FAB}.Debug|Any CPU.ActiveCfg = Debug|Any CPU
		{643A2AAB-4B9B-4959-836B-F97193FB8FAB}.Debug|Any CPU.Build.0 = Debug|Any CPU
		{643A2AAB-4B9B-4959-836B-F97193FB8FAB}.Release|Any CPU.ActiveCfg = Release|Any CPU
		{643A2AAB-4B9B-4959-836B-F97193FB8FAB}.Release|Any CPU.Build.0 = Release|Any CPU
		{EFD6B53A-0531-4312-A476-446994EC0B55}.Debug|Any CPU.ActiveCfg = Debug|Any CPU
		{EFD6B53A-0531-4312-A476-446994EC0B55}.Debug|Any CPU.Build.0 = Debug|Any CPU
		{EFD6B53A-0531-4312-A476-446994EC0B55}.Release|Any CPU.ActiveCfg = Release|Any CPU
		{EFD6B53A-0531-4312-A476-446994EC0B55}.Release|Any CPU.Build.0 = Release|Any CPU
	EndGlobalSection
	GlobalSection(SolutionProperties) = preSolution
		HideSolutionNode = FALSE
	EndGlobalSection
	GlobalSection(NestedProjects) = preSolution
		{A9CDEA63-EFC8-4AE9-8B69-8852DC2D2603} = {4E724862-9F60-4413-B454-363EF6974E82}
		{BC4FB7B8-2C3E-4F92-9C89-35920F9C8C69} = {4E724862-9F60-4413-B454-363EF6974E82}
		{8ABEC8D7-0C74-4171-961C-E37FDD19E46D} = {4E724862-9F60-4413-B454-363EF6974E82}
		{001AD2E5-2398-442B-942A-D260F0C26DA1} = {4E724862-9F60-4413-B454-363EF6974E82}
		{93DE0F67-78DF-4E3A-834B-DE3FAB5EE3C2} = {4E724862-9F60-4413-B454-363EF6974E82}
		{83A9015F-8034-498B-94DA-B880533AFE39} = {4E724862-9F60-4413-B454-363EF6974E82}
		{BE1F37C5-1CF1-4B32-A053-7152482F4D25} = {4E724862-9F60-4413-B454-363EF6974E82}
		{643A2AAB-4B9B-4959-836B-F97193FB8FAB} = {4E724862-9F60-4413-B454-363EF6974E82}
		{EFD6B53A-0531-4312-A476-446994EC0B55} = {4E724862-9F60-4413-B454-363EF6974E82}
	EndGlobalSection
	GlobalSection(ExtensibilityGlobals) = postSolution
		SolutionGuid = {EF5C0B14-8EB6-4C79-BA25-DEFB3FE28CF4}
	EndGlobalSection
EndGlobal
